github.com/theNewDynamic/huge v0.0.0-20210923155446-f782d5c601e1 h1:QkPg0UimgdttI1gOiZ4MOWw7GC+M6jUzqsHoJXZ0HjY=
github.com/theNewDynamic/huge v0.0.0-20210923155446-f782d5c601e1/go.mod h1:wZCHbuGglX7Iwa2xbJ/FcDIUzUsMGW6CyLboOp5iKR8=
github.com/theNewDynamic/hugo-module-tnd-env v0.0.0-20210512181247-90dd1a287016 h1:XyiWr6/Maqb64OoEnnZlOVebbJnzGdE9XXuhDgvchBY=
github.com/theNewDynamic/hugo-module-tnd-env v0.0.0-20210512181247-90dd1a287016/go.mod h1:IKV0f84Fz5bzRjWzq8vlwO3EdDe0yog//Fqx1QnddZU=
github.com/theNewDynamic/hugo-module-tnd-forms v0.0.0-20210215134930-f4988c330b3b h1:9c6rJy1OcyMWSztcuvqPe8F5FLLjnWVoIqOWnyUnp9c=
github.com/theNewDynamic/hugo-module-tnd-forms v0.0.0-20210215134930-f4988c330b3b/go.mod h1:j9sQrPJ9va1OJYgokFkc15g/Y8BeeWzW26nJqtI8puQ=
github.com/theNewDynamic/hugo-module-tnd-forms v0.0.0-20210529224822-8d04dbda8558 h1:+ylDqpFRUfYB1QZ9IIvacxIzqpfFLTU25up7VOZx0xE=
github.com/theNewDynamic/hugo-module-tnd-forms v0.0.0-20210529224822-8d04dbda8558/go.mod h1:j9sQrPJ9va1OJYgokFkc15g/Y8BeeWzW26nJqtI8puQ=
github.com/theNewDynamic/hugo-module-tnd-func v0.0.0-20210316194241-a6d99cfae5a6 h1:ml2d8bfTjJP9+XkNUwuayb6b461nmJOOcBIiE7/+RRU=
github.com/theNewDynamic/hugo-module-tnd-func v0.0.0-20210316194241-a6d99cfae5a6/go.mod h1:Fdh6YRjGcYtxRneIRINEtlRbjPv7B8rqVRo6Ug+ynwA=
github.com/theNewDynamic/hugo-module-tnd-headers v0.1.4 h1:ZmHKrcGc62SMZkXERQL4cKJN+mI4onOZkEuhoFHPW5I=
github.com/theNewDynamic/hugo-module-tnd-headers v0.1.4/go.mod h1:L1vGtRuZCVVcfFHnLokvtQ9hlsfN/jiUem8O17VYeZo=
github.com/theNewDynamic/hugo-module-tnd-icons v0.1.4 h1:xz8NrAJpjvdfygjpa/HZvG+RL7Jox5nXaUizOLz+mxg=
github.com/theNewDynamic/hugo-module-tnd-icons v0.1.4/go.mod h1:5P8x9n4dAq+JChj5o0nUsF5G3ucNQglFoeAn5c1Me9A=
github.com/theNewDynamic/hugo-module-tnd-imgix v0.2.2 h1:QyvV5FgRFNX6ZbMkB9uE2b5lnoCzVWlWSfM+ic1fYGc=
github.com/theNewDynamic/hugo-module-tnd-imgix v0.2.2/go.mod h1:6P3SwYL7H/KccxwrB7BDl+wJW2qzaLTnVDf9m+Uj/Uo=
github.com/theNewDynamic/hugo-module-tnd-media v0.0.0-20210527194421-36f0282b5b88 h1:35zRgE8sz3yLVu/5Z1NdHxezQ/CrMc1MAsEWWv1e1H4=
github.com/theNewDynamic/hugo-module-tnd-media v0.0.0-20210527194421-36f0282b5b88/go.mod h1:5kGUg8NNAfXvsiXl2y910hJEjMkfQbmO1m1vXcehZiA=
github.com/theNewDynamic/hugo-module-tnd-media v0.0.0-20210531144828-07e0fa64fece h1:eWcQW0UHE298Gj7h6LFw24Q8Szz61UGsVjJZKi2lqvU=
github.com/theNewDynamic/hugo-module-tnd-media v0.0.0-20210531144828-07e0fa64fece/go.mod h1:5kGUg8NNAfXvsiXl2y910hJEjMkfQbmO1m1vXcehZiA=
github.com/theNewDynamic/hugo-module-tnd-menus v0.0.0-20210322205111-03cfde5da487 h1:TgqRk9N54Jq+6hYvCt/FJKQ3CtxdnlMyYbcyT86ji3o=
github.com/theNewDynamic/hugo-module-tnd-menus v0.0.0-20210322205111-03cfde5da487/go.mod h1:JS9FfAjzL8RbYx5wfQwqn+BqHpODA/aU8crYZRcAMI4=
github.com/theNewDynamic/hugo-module-tnd-redirects v1.2.4 h1:UhT2+qGgY0OFqjAd5K71aD/bBN1rNA2iuvRYVK01Z2w=
github.com/theNewDynamic/hugo-module-tnd-redirects v1.2.4/go.mod h1:UG+i6GOMCwA+ZbpQ9DXX8ImoW4IEY0tKfJ0/EiUZLLg=
github.com/theNewDynamic/hugo-module-tnd-scripts v0.0.0-20210512182152-9e0809896a22 h1:SGjpp0ItBak3efD50vwWgZHPbRfim85ikwRZi8DIlo8=
github.com/theNewDynamic/hugo-module-tnd-scripts v0.0.0-20210512182152-9e0809896a22/go.mod h1:6hs37u8aFKho7Rb9EypgTSTzWaP+4Pg+G78+8QyaYV0=
github.com/theNewDynamic/hugo-module-tnd-seo v0.1.9 h1:GkYhoQ0O4dmfWGNjwgaxifOCBaduGWwgtbKIsxYZgYM=
github.com/theNewDynamic/hugo-module-tnd-seo v0.1.9/go.mod h1:VY3Qvzif9T0Z0rjR85ufUQE1wrS/M5VZC9Dx1V8Vo8Y=
github.com/theNewDynamic/hugo-module-tnd-socials v0.1.5 h1:5fQNPKsKZlA3sGOsihVhOretItUMZs1JXmLHO7CzWQ8=
github.com/theNewDynamic/hugo-module-tnd-socials v0.1.5/go.mod h1:7WIDUEYoiQVRZVPYPXpTLhSh+J25fPYJuCGNsYby3DM=
github.com/theNewDynamic/hugo-module-tnd-styles v0.7.4 h1:W78sNF3D+vgXbyv0zkaL/04nckcmx7fchDUu1Gih6+M=
github.com/theNewDynamic/hugo-module-tnd-styles v0.7.4/go.mod h1:Ih6Fi3sn/qasVNDN3wXpO5NDH16G1o7QeY/EoKfxGcI=
github.com/theNewDynamic/hugo-module-tnd-styles v0.7.5-0.20210529144451-be66ed7b7fa8 h1:Km108tVMacOa9hjkhd8FCi36hKr0N7fZA36Dd8tpTSs=
github.com/theNewDynamic/hugo-module-tnd-styles v0.7.5-0.20210529144451-be66ed7b7fa8/go.mod h1:Ih6Fi3sn/qasVNDN3wXpO5NDH16G1o7QeY/EoKfxGcI=
github.com/theNewDynamic/hugo-module-tnd-styles v0.7.5-0.20210602214715-717abab57eaf h1:cEy6LxZBWYS8OhrWwjjdS9NHr+gQ+wYJBPwk7oXsawc=
github.com/theNewDynamic/hugo-module-tnd-styles v0.7.5-0.20210602214715-717abab57eaf/go.mod h1:Ih6Fi3sn/qasVNDN3wXpO5NDH16G1o7QeY/EoKfxGcI=
github.com/theNewDynamic/hugo-module-tnd-tags v0.0.0-20201216162006-4a63841356ad h1:i1gIGdHpTX938ekLeI5DPVt4eporyBwMBIZtgv7dAsw=
github.com/theNewDynamic/hugo-module-tnd-tags v0.0.0-20201216162006-4a63841356ad/go.mod h1:fuXjv9Nbt2hi6oaOVAqhPRrS4hL9uYcwroo6V/Mw7Uk=
